
Microsoft Visual Studio Solution File, Format Version 12.00
# Visual Studio Version 17
VisualStudioVersion = 17.4.33205.214
MinimumVisualStudioVersion = 10.0.40219.1
Project("{FAE04EC0-301F-11D3-BF4B-00C04F79EFBC}") = "Shop", "Shop\Shop.csproj", "{35A33AB4-89AF-4B47-82F0-6BFB23DB614D}"
EndProject
Project("{FAE04EC0-301F-11D3-BF4B-00C04F79EFBC}") = "Model", "Model\Model.csproj", "{2F309F44-6A54-4B7C-9E28-BC584BC55D46}"
EndProject
Global
	GlobalSection(SolutionConfigurationPlatforms) = preSolution
		Debug|Any CPU = Debug|Any CPU
		Release|Any CPU = Release|Any CPU
	EndGlobalSection
	GlobalSection(ProjectConfigurationPlatforms) = postSolution
		{35A33AB4-89AF-4B47-82F0-6BFB23DB614D}.Debug|Any CPU.ActiveCfg = Debug|Any CPU
		{35A33AB4-89AF-4B47-82F0-6BFB23DB614D}.Debug|Any CPU.Build.0 = Debug|Any CPU
		{35A33AB4-89AF-4B47-82F0-6BFB23DB614D}.Release|Any CPU.ActiveCfg = Release|Any CPU
		{35A33AB4-89AF-4B47-82F0-6BFB23DB614D}.Release|Any CPU.Build.0 = Release|Any CPU
		{2F309F44-6A54-4B7C-9E28-BC584BC55D46}.Debug|Any CPU.ActiveCfg = Debug|Any CPU
		{2F309F44-6A54-4B7C-9E28-BC584BC55D46}.Debug|Any CPU.Build.0 = Debug|Any CPU
		{2F309F44-6A54-4B7C-9E28-BC584BC55D46}.Release|Any CPU.ActiveCfg = Release|Any CPU
		{2F309F44-6A54-4B7C-9E28-BC584BC55D46}.Release|Any CPU.Build.0 = Release|Any CPU
	EndGlobalSection
	GlobalSection(SolutionProperties) = preSolution
		HideSolutionNode = FALSE
	EndGlobalSection
	GlobalSection(ExtensibilityGlobals) = postSolution
		SolutionGuid = {B0D67C6F-A0E7-4344-B9E6-07BEDF58BAC3}
	EndGlobalSection
EndGlobal
